
Microsoft Visual Studio Solution File, Format Version 12.00
# Visual Studio 15
Project("{FAE04EC0-301F-11D3-BF4B-00C04F79EFBC}") = "Giraffe", "Giraffe\Giraffe.csproj", "{C78FA436-266F-4007-90C9-51515EA586B7}"
EndProject
Global
	GlobalSection(SolutionConfigurationPlatforms) = preSolution
		Debug|Any CPU = Debug|Any CPU
		Release|Any CPU = Release|Any CPU
	EndGlobalSection
	GlobalSection(ProjectConfigurationPlatforms) = postSolution
		{C78FA436-266F-4007-90C9-51515EA586B7}.Debug|Any CPU.ActiveCfg = Debug|Any CPU
		{C78FA436-266F-4007-90C9-51515EA586B7}.Debug|Any CPU.Build.0 = Debug|Any CPU
		{C78FA436-266F-4007-90C9-51515EA586B7}.Release|Any CPU.ActiveCfg = Release|Any CPU
		{C78FA436-266F-4007-90C9-51515EA586B7}.Release|Any CPU.Build.0 = Release|Any CPU
	EndGlobalSection
EndGlobal
